
Microsoft Visual Studio Solution File, Format Version 12.00
# Visual Studio Version 17
VisualStudioVersion = 17.10.34928.147
MinimumVisualStudioVersion = 10.0.40219.1
Project("{FAE04EC0-301F-11D3-BF4B-00C04F79EFBC}") = "PruebaJR", "PruebaJR\PruebaJR.csproj", "{4EF35280-C905-488D-A4F6-75A98A67480A}"
EndProject
Global
	GlobalSection(SolutionConfigurationPlatforms) = preSolution
		Debug|Any CPU = Debug|Any CPU
		Release|Any CPU = Release|Any CPU
	EndGlobalSection
	GlobalSection(ProjectConfigurationPlatforms) = postSolution
		{4EF35280-C905-488D-A4F6-75A98A67480A}.Debug|Any CPU.ActiveCfg = Debug|Any CPU
		{4EF35280-C905-488D-A4F6-75A98A67480A}.Debug|Any CPU.Build.0 = Debug|Any CPU
		{4EF35280-C905-488D-A4F6-75A98A67480A}.Release|Any CPU.ActiveCfg = Release|Any CPU
		{4EF35280-C905-488D-A4F6-75A98A67480A}.Release|Any CPU.Build.0 = Release|Any CPU
	EndGlobalSection
	GlobalSection(SolutionProperties) = preSolution
		HideSolutionNode = FALSE
	EndGlobalSection
	GlobalSection(ExtensibilityGlobals) = postSolution
		SolutionGuid = {329EF1BA-3132-44A7-B345-66DA9BE0EED7}
	EndGlobalSection
EndGlobal
